
Microsoft Visual Studio Solution File, Format Version 12.00
# Visual Studio 15
VisualStudioVersion = 15.0.27130.2027
MinimumVisualStudioVersion = 10.0.40219.1
Project("{9A19103F-16F7-4668-BE54-9A1E7A4F7556}") = "NosSharp.SDK", "src\NosSharp.SDK\NosSharp.SDK.csproj", "{724D375C-3EC1-40CA-B047-495084CEA16B}"
	ProjectSection(ProjectDependencies) = postProject
		{98C3D05E-8D6A-423B-879D-47A48BFDBFA8} = {98C3D05E-8D6A-423B-879D-47A48BFDBFA8}
	EndProjectSection
EndProject
Project("{2150E333-8FDC-42A3-9474-1A3956D46DE8}") = "src", "src", "{FBF2A44D-4D01-4493-9666-56F6BF8B3E95}"
EndProject
Project("{2150E333-8FDC-42A3-9474-1A3956D46DE8}") = "test", "test", "{F107594C-8D75-4538-8CB1-3DECFFFE8AAA}"
EndProject
Project("{9A19103F-16F7-4668-BE54-9A1E7A4F7556}") = "NosSharp.SDK.Test", "test\NosSharp.SDK.Test\NosSharp.SDK.Test.csproj", "{D0380B7F-1647-4717-8F52-EF5A6E88AA41}"
EndProject
Project("{2150E333-8FDC-42A3-9474-1A3956D46DE8}") = "dependencies", "dependencies", "{B356DD0C-139E-447E-AB72-E787D169148B}"
EndProject
Project("{9A19103F-16F7-4668-BE54-9A1E7A4F7556}") = "MMOS.ECS", "dependencies\MMOS.ECS\src\MMOS.ECS\MMOS.ECS.csproj", "{98C3D05E-8D6A-423B-879D-47A48BFDBFA8}"
EndProject
Project("{2150E333-8FDC-42A3-9474-1A3956D46DE8}") = "src", "src", "{1D88367D-FEA9-4F41-A6AF-FB67FBA29EC8}"
EndProject
Project("{2150E333-8FDC-42A3-9474-1A3956D46DE8}") = "test", "test", "{32994722-2321-422C-B0DC-07AAB56B9740}"
EndProject
Project("{9A19103F-16F7-4668-BE54-9A1E7A4F7556}") = "MMOS.ECS.Test", "dependencies\MMOS.ECS\test\MMOS.ECS.Test\MMOS.ECS.Test.csproj", "{3F4EB0DB-0E65-4D11-AB21-CB72EAF7DE02}"
EndProject
Project("{2150E333-8FDC-42A3-9474-1A3956D46DE8}") = "MMOS", "MMOS", "{D6E080D3-B385-4ADB-8473-FA55F2466DAA}"
EndProject
Global
	GlobalSection(SolutionConfigurationPlatforms) = preSolution
		Debug|Any CPU = Debug|Any CPU
		Release|Any CPU = Release|Any CPU
	EndGlobalSection
	GlobalSection(ProjectConfigurationPlatforms) = postSolution
		{724D375C-3EC1-40CA-B047-495084CEA16B}.Debug|Any CPU.ActiveCfg = Debug|Any CPU
		{724D375C-3EC1-40CA-B047-495084CEA16B}.Debug|Any CPU.Build.0 = Debug|Any CPU
		{724D375C-3EC1-40CA-B047-495084CEA16B}.Release|Any CPU.ActiveCfg = Release|Any CPU
		{724D375C-3EC1-40CA-B047-495084CEA16B}.Release|Any CPU.Build.0 = Release|Any CPU
		{D0380B7F-1647-4717-8F52-EF5A6E88AA41}.Debug|Any CPU.ActiveCfg = Debug|Any CPU
		{D0380B7F-1647-4717-8F52-EF5A6E88AA41}.Debug|Any CPU.Build.0 = Debug|Any CPU
		{D0380B7F-1647-4717-8F52-EF5A6E88AA41}.Release|Any CPU.ActiveCfg = Release|Any CPU
		{D0380B7F-1647-4717-8F52-EF5A6E88AA41}.Release|Any CPU.Build.0 = Release|Any CPU
		{98C3D05E-8D6A-423B-879D-47A48BFDBFA8}.Debug|Any CPU.ActiveCfg = Debug|Any CPU
		{98C3D05E-8D6A-423B-879D-47A48BFDBFA8}.Debug|Any CPU.Build.0 = Debug|Any CPU
		{98C3D05E-8D6A-423B-879D-47A48BFDBFA8}.Release|Any CPU.ActiveCfg = Release|Any CPU
		{98C3D05E-8D6A-423B-879D-47A48BFDBFA8}.Release|Any CPU.Build.0 = Release|Any CPU
		{3F4EB0DB-0E65-4D11-AB21-CB72EAF7DE02}.Debug|Any CPU.ActiveCfg = Debug|Any CPU
		{3F4EB0DB-0E65-4D11-AB21-CB72EAF7DE02}.Debug|Any CPU.Build.0 = Debug|Any CPU
		{3F4EB0DB-0E65-4D11-AB21-CB72EAF7DE02}.Release|Any CPU.ActiveCfg = Release|Any CPU
		{3F4EB0DB-0E65-4D11-AB21-CB72EAF7DE02}.Release|Any CPU.Build.0 = Release|Any CPU
	EndGlobalSection
	GlobalSection(SolutionProperties) = preSolution
		HideSolutionNode = FALSE
	EndGlobalSection
	GlobalSection(NestedProjects) = preSolution
		{724D375C-3EC1-40CA-B047-495084CEA16B} = {FBF2A44D-4D01-4493-9666-56F6BF8B3E95}
		{D0380B7F-1647-4717-8F52-EF5A6E88AA41} = {F107594C-8D75-4538-8CB1-3DECFFFE8AAA}
		{98C3D05E-8D6A-423B-879D-47A48BFDBFA8} = {1D88367D-FEA9-4F41-A6AF-FB67FBA29EC8}
		{1D88367D-FEA9-4F41-A6AF-FB67FBA29EC8} = {D6E080D3-B385-4ADB-8473-FA55F2466DAA}
		{32994722-2321-422C-B0DC-07AAB56B9740} = {D6E080D3-B385-4ADB-8473-FA55F2466DAA}
		{3F4EB0DB-0E65-4D11-AB21-CB72EAF7DE02} = {32994722-2321-422C-B0DC-07AAB56B9740}
		{D6E080D3-B385-4ADB-8473-FA55F2466DAA} = {B356DD0C-139E-447E-AB72-E787D169148B}
	EndGlobalSection
	GlobalSection(ExtensibilityGlobals) = postSolution
		SolutionGuid = {A9812294-8F6D-42FE-A070-8CEC2FAB5D6A}
	EndGlobalSection
EndGlobal
