
Microsoft Visual Studio Solution File, Format Version 12.00
# Visual Studio 15
VisualStudioVersion = 15.0.27130.2027
MinimumVisualStudioVersion = 10.0.40219.1
Project("{2150E333-8FDC-42A3-9474-1A3956D46DE8}") = "lib", "lib", "{2887CC0E-BDCB-4BCD-A6F4-FE8EFBE4E09B}"
EndProject
Project("{9A19103F-16F7-4668-BE54-9A1E7A4F7556}") = "NosSharp.SDK.DTO", "src\NosSharp.SDK.DTO\NosSharp.SDK.DTO.csproj", "{C744893D-69D8-4B05-BD4E-D7C17485EE21}"
EndProject
Project("{9A19103F-16F7-4668-BE54-9A1E7A4F7556}") = "NosSharp.SDK.Enums", "src\NosSharp.SDK.Enums\NosSharp.SDK.Enums.csproj", "{E21AE871-97DD-4848-83ED-F3183A144226}"
EndProject
Project("{9A19103F-16F7-4668-BE54-9A1E7A4F7556}") = "NosSharp.SDK.GameObjects", "src\NosSharp.SDK.GameObjects\NosSharp.SDK.GameObjects.csproj", "{EBA10AAE-334A-4505-8639-F969371E9C57}"
EndProject
Project("{9A19103F-16F7-4668-BE54-9A1E7A4F7556}") = "NosSharp.SDK.Packets", "src\NosSharp.SDK.Packets\NosSharp.SDK.Packets.csproj", "{2D7F73FD-B566-48BC-8B7E-A5E083B9216A}"
EndProject
Project("{9A19103F-16F7-4668-BE54-9A1E7A4F7556}") = "NosSharp.SDK.Components", "src\NosSharp.SDK.Components\NosSharp.SDK.Components.csproj", "{70929AC7-102D-4119-ABA0-03744FDC4BB1}"
EndProject
Project("{9A19103F-16F7-4668-BE54-9A1E7A4F7556}") = "NosSharp.SDK.Systems", "src\NosSharp.SDK.Systems\NosSharp.SDK.Systems.csproj", "{0F269CF1-7410-452F-944D-CCBE98C8F2CE}"
EndProject
Project("{9A19103F-16F7-4668-BE54-9A1E7A4F7556}") = "NosSharp.SDK.DAL.Interfaces", "src\NosSharp.SDK.DAL.Interfaces\NosSharp.SDK.DAL.Interfaces.csproj", "{510C9148-5342-4FA6-A5F5-DB58C9F888C6}"
EndProject
Project("{9A19103F-16F7-4668-BE54-9A1E7A4F7556}") = "NosSharp.SDK.Core", "src\NosSharp.SDK.Core\NosSharp.SDK.Core.csproj", "{7AF0975F-6F8B-40E9-B5B5-93BA2C79A8A1}"
EndProject
Project("{2150E333-8FDC-42A3-9474-1A3956D46DE8}") = "test", "test", "{84E00067-326E-47E4-B32C-2A4CA821E65D}"
EndProject
Project("{9A19103F-16F7-4668-BE54-9A1E7A4F7556}") = "NosSharp.SDK.Core.Test", "test\NosSharp.SDK.Core.Test\NosSharp.SDK.Core.Test.csproj", "{7A0FB06A-5914-4248-A225-85B47B7970CE}"
EndProject
Project("{FAE04EC0-301F-11D3-BF4B-00C04F79EFBC}") = "NosSharp.SDK.DAL.Interfaces.Test", "test\NosSharp.SDK.DAL.Interfaces.Test\NosSharp.SDK.DAL.Interfaces.Test.csproj", "{EAC428E4-7E21-4561-A6DD-85A05B125587}"
EndProject
Global
	GlobalSection(SolutionConfigurationPlatforms) = preSolution
		Debug|Any CPU = Debug|Any CPU
		Release|Any CPU = Release|Any CPU
	EndGlobalSection
	GlobalSection(ProjectConfigurationPlatforms) = postSolution
		{C744893D-69D8-4B05-BD4E-D7C17485EE21}.Debug|Any CPU.ActiveCfg = Debug|Any CPU
		{C744893D-69D8-4B05-BD4E-D7C17485EE21}.Debug|Any CPU.Build.0 = Debug|Any CPU
		{C744893D-69D8-4B05-BD4E-D7C17485EE21}.Release|Any CPU.ActiveCfg = Release|Any CPU
		{C744893D-69D8-4B05-BD4E-D7C17485EE21}.Release|Any CPU.Build.0 = Release|Any CPU
		{E21AE871-97DD-4848-83ED-F3183A144226}.Debug|Any CPU.ActiveCfg = Debug|Any CPU
		{E21AE871-97DD-4848-83ED-F3183A144226}.Debug|Any CPU.Build.0 = Debug|Any CPU
		{E21AE871-97DD-4848-83ED-F3183A144226}.Release|Any CPU.ActiveCfg = Release|Any CPU
		{E21AE871-97DD-4848-83ED-F3183A144226}.Release|Any CPU.Build.0 = Release|Any CPU
		{EBA10AAE-334A-4505-8639-F969371E9C57}.Debug|Any CPU.ActiveCfg = Debug|Any CPU
		{EBA10AAE-334A-4505-8639-F969371E9C57}.Debug|Any CPU.Build.0 = Debug|Any CPU
		{EBA10AAE-334A-4505-8639-F969371E9C57}.Release|Any CPU.ActiveCfg = Release|Any CPU
		{EBA10AAE-334A-4505-8639-F969371E9C57}.Release|Any CPU.Build.0 = Release|Any CPU
		{2D7F73FD-B566-48BC-8B7E-A5E083B9216A}.Debug|Any CPU.ActiveCfg = Debug|Any CPU
		{2D7F73FD-B566-48BC-8B7E-A5E083B9216A}.Debug|Any CPU.Build.0 = Debug|Any CPU
		{2D7F73FD-B566-48BC-8B7E-A5E083B9216A}.Release|Any CPU.ActiveCfg = Release|Any CPU
		{2D7F73FD-B566-48BC-8B7E-A5E083B9216A}.Release|Any CPU.Build.0 = Release|Any CPU
		{70929AC7-102D-4119-ABA0-03744FDC4BB1}.Debug|Any CPU.ActiveCfg = Debug|Any CPU
		{70929AC7-102D-4119-ABA0-03744FDC4BB1}.Debug|Any CPU.Build.0 = Debug|Any CPU
		{70929AC7-102D-4119-ABA0-03744FDC4BB1}.Release|Any CPU.ActiveCfg = Release|Any CPU
		{70929AC7-102D-4119-ABA0-03744FDC4BB1}.Release|Any CPU.Build.0 = Release|Any CPU
		{0F269CF1-7410-452F-944D-CCBE98C8F2CE}.Debug|Any CPU.ActiveCfg = Debug|Any CPU
		{0F269CF1-7410-452F-944D-CCBE98C8F2CE}.Debug|Any CPU.Build.0 = Debug|Any CPU
		{0F269CF1-7410-452F-944D-CCBE98C8F2CE}.Release|Any CPU.ActiveCfg = Release|Any CPU
		{0F269CF1-7410-452F-944D-CCBE98C8F2CE}.Release|Any CPU.Build.0 = Release|Any CPU
		{510C9148-5342-4FA6-A5F5-DB58C9F888C6}.Debug|Any CPU.ActiveCfg = Debug|Any CPU
		{510C9148-5342-4FA6-A5F5-DB58C9F888C6}.Debug|Any CPU.Build.0 = Debug|Any CPU
		{510C9148-5342-4FA6-A5F5-DB58C9F888C6}.Release|Any CPU.ActiveCfg = Release|Any CPU
		{510C9148-5342-4FA6-A5F5-DB58C9F888C6}.Release|Any CPU.Build.0 = Release|Any CPU
		{7AF0975F-6F8B-40E9-B5B5-93BA2C79A8A1}.Debug|Any CPU.ActiveCfg = Debug|Any CPU
		{7AF0975F-6F8B-40E9-B5B5-93BA2C79A8A1}.Debug|Any CPU.Build.0 = Debug|Any CPU
		{7AF0975F-6F8B-40E9-B5B5-93BA2C79A8A1}.Release|Any CPU.ActiveCfg = Release|Any CPU
		{7AF0975F-6F8B-40E9-B5B5-93BA2C79A8A1}.Release|Any CPU.Build.0 = Release|Any CPU
		{7A0FB06A-5914-4248-A225-85B47B7970CE}.Debug|Any CPU.ActiveCfg = Debug|Any CPU
		{7A0FB06A-5914-4248-A225-85B47B7970CE}.Debug|Any CPU.Build.0 = Debug|Any CPU
		{7A0FB06A-5914-4248-A225-85B47B7970CE}.Release|Any CPU.ActiveCfg = Release|Any CPU
		{7A0FB06A-5914-4248-A225-85B47B7970CE}.Release|Any CPU.Build.0 = Release|Any CPU
		{EAC428E4-7E21-4561-A6DD-85A05B125587}.Debug|Any CPU.ActiveCfg = Debug|Any CPU
		{EAC428E4-7E21-4561-A6DD-85A05B125587}.Debug|Any CPU.Build.0 = Debug|Any CPU
		{EAC428E4-7E21-4561-A6DD-85A05B125587}.Release|Any CPU.ActiveCfg = Release|Any CPU
		{EAC428E4-7E21-4561-A6DD-85A05B125587}.Release|Any CPU.Build.0 = Release|Any CPU
	EndGlobalSection
	GlobalSection(SolutionProperties) = preSolution
		HideSolutionNode = FALSE
	EndGlobalSection
	GlobalSection(NestedProjects) = preSolution
		{C744893D-69D8-4B05-BD4E-D7C17485EE21} = {2887CC0E-BDCB-4BCD-A6F4-FE8EFBE4E09B}
		{E21AE871-97DD-4848-83ED-F3183A144226} = {2887CC0E-BDCB-4BCD-A6F4-FE8EFBE4E09B}
		{EBA10AAE-334A-4505-8639-F969371E9C57} = {2887CC0E-BDCB-4BCD-A6F4-FE8EFBE4E09B}
		{2D7F73FD-B566-48BC-8B7E-A5E083B9216A} = {2887CC0E-BDCB-4BCD-A6F4-FE8EFBE4E09B}
		{70929AC7-102D-4119-ABA0-03744FDC4BB1} = {2887CC0E-BDCB-4BCD-A6F4-FE8EFBE4E09B}
		{0F269CF1-7410-452F-944D-CCBE98C8F2CE} = {2887CC0E-BDCB-4BCD-A6F4-FE8EFBE4E09B}
		{510C9148-5342-4FA6-A5F5-DB58C9F888C6} = {2887CC0E-BDCB-4BCD-A6F4-FE8EFBE4E09B}
		{7AF0975F-6F8B-40E9-B5B5-93BA2C79A8A1} = {2887CC0E-BDCB-4BCD-A6F4-FE8EFBE4E09B}
		{7A0FB06A-5914-4248-A225-85B47B7970CE} = {84E00067-326E-47E4-B32C-2A4CA821E65D}
		{EAC428E4-7E21-4561-A6DD-85A05B125587} = {84E00067-326E-47E4-B32C-2A4CA821E65D}
	EndGlobalSection
	GlobalSection(ExtensibilityGlobals) = postSolution
		SolutionGuid = {04BC3B4B-19EF-4003-B553-9116CAE3BD25}
	EndGlobalSection
EndGlobal
